
Microsoft Visual Studio Solution File, Format Version 12.00
# Visual Studio 14
VisualStudioVersion = 14.0.25420.1
MinimumVisualStudioVersion = 10.0.40219.1
Project("{FAE04EC0-301F-11D3-BF4B-00C04F79EFBC}") = "AntiVirusWebApi", "AntiVirusWebApi\AntiVirusWebApi.csproj", "{135E0268-713F-4C11-93AB-31C2A931CB77}"
EndProject
Project("{FAE04EC0-301F-11D3-BF4B-00C04F79EFBC}") = "AntiVirusWeb", "AntiVirusWeb\AntiVirusWeb.csproj", "{C3984897-B080-4B5A-B497-B1C13B365862}"
EndProject
Global
	GlobalSection(SolutionConfigurationPlatforms) = preSolution
		Debug|Any CPU = Debug|Any CPU
		Release|Any CPU = Release|Any CPU
	EndGlobalSection
	GlobalSection(ProjectConfigurationPlatforms) = postSolution
		{135E0268-713F-4C11-93AB-31C2A931CB77}.Debug|Any CPU.ActiveCfg = Debug|Any CPU
		{135E0268-713F-4C11-93AB-31C2A931CB77}.Debug|Any CPU.Build.0 = Debug|Any CPU
		{135E0268-713F-4C11-93AB-31C2A931CB77}.Release|Any CPU.ActiveCfg = Release|Any CPU
		{135E0268-713F-4C11-93AB-31C2A931CB77}.Release|Any CPU.Build.0 = Release|Any CPU
		{C3984897-B080-4B5A-B497-B1C13B365862}.Debug|Any CPU.ActiveCfg = Debug|Any CPU
		{C3984897-B080-4B5A-B497-B1C13B365862}.Debug|Any CPU.Build.0 = Debug|Any CPU
		{C3984897-B080-4B5A-B497-B1C13B365862}.Release|Any CPU.ActiveCfg = Release|Any CPU
		{C3984897-B080-4B5A-B497-B1C13B365862}.Release|Any CPU.Build.0 = Release|Any CPU
	EndGlobalSection
	GlobalSection(SolutionProperties) = preSolution
		HideSolutionNode = FALSE
	EndGlobalSection
EndGlobal
